
Microsoft Visual Studio Solution File, Format Version 12.00
# Visual Studio Version 17
VisualStudioVersion = 17.5.002.0
MinimumVisualStudioVersion = 10.0.40219.1
Project("{2150E333-8FDC-42A3-9474-1A3956D46DE8}") = "Netstarter", "Netstarter", "{FC2B23DD-3F88-40DC-9AAB-60123E491105}"
EndProject
Project("{9A19103F-16F7-4668-BE54-9A1E7A4F7556}") = "basic", "Netstarter\basic\basic.csproj", "{7CFB4B50-05A1-4ED3-88B2-3925ACA10724}"
EndProject
Global
	GlobalSection(SolutionConfigurationPlatforms) = preSolution
		Debug|Any CPU = Debug|Any CPU
		Release|Any CPU = Release|Any CPU
	EndGlobalSection
	GlobalSection(ProjectConfigurationPlatforms) = postSolution
		{7CFB4B50-05A1-4ED3-88B2-3925ACA10724}.Debug|Any CPU.ActiveCfg = Debug|Any CPU
		{7CFB4B50-05A1-4ED3-88B2-3925ACA10724}.Debug|Any CPU.Build.0 = Debug|Any CPU
		{7CFB4B50-05A1-4ED3-88B2-3925ACA10724}.Release|Any CPU.ActiveCfg = Release|Any CPU
		{7CFB4B50-05A1-4ED3-88B2-3925ACA10724}.Release|Any CPU.Build.0 = Release|Any CPU
	EndGlobalSection
	GlobalSection(SolutionProperties) = preSolution
		HideSolutionNode = FALSE
	EndGlobalSection
	GlobalSection(NestedProjects) = preSolution
		{7CFB4B50-05A1-4ED3-88B2-3925ACA10724} = {FC2B23DD-3F88-40DC-9AAB-60123E491105}
	EndGlobalSection
	GlobalSection(ExtensibilityGlobals) = postSolution
		SolutionGuid = {23CD641C-3D1C-4690-B85F-BB1A2DB0E65B}
	EndGlobalSection
EndGlobal
