
Microsoft Visual Studio Solution File, Format Version 12.00
# Visual Studio Version 17
VisualStudioVersion = 17.5.002.0
MinimumVisualStudioVersion = 10.0.40219.1
Project("{9A19103F-16F7-4668-BE54-9A1E7A4F7556}") = "basic", "basic.csproj", "{A453DE69-4426-4E63-9E30-7A8344282115}"
EndProject
Global
	GlobalSection(SolutionConfigurationPlatforms) = preSolution
		Debug|Any CPU = Debug|Any CPU
		Release|Any CPU = Release|Any CPU
	EndGlobalSection
	GlobalSection(ProjectConfigurationPlatforms) = postSolution
		{A453DE69-4426-4E63-9E30-7A8344282115}.Debug|Any CPU.ActiveCfg = Debug|Any CPU
		{A453DE69-4426-4E63-9E30-7A8344282115}.Debug|Any CPU.Build.0 = Debug|Any CPU
		{A453DE69-4426-4E63-9E30-7A8344282115}.Release|Any CPU.ActiveCfg = Release|Any CPU
		{A453DE69-4426-4E63-9E30-7A8344282115}.Release|Any CPU.Build.0 = Release|Any CPU
	EndGlobalSection
	GlobalSection(SolutionProperties) = preSolution
		HideSolutionNode = FALSE
	EndGlobalSection
	GlobalSection(ExtensibilityGlobals) = postSolution
		SolutionGuid = {F49F46F0-52BA-4C1D-9C9E-7DEA142140CB}
	EndGlobalSection
EndGlobal
